[root]
name = "tiny-asm"
version = "0.0.1"
dependencies = [
 "docopt_macros 0.6.4 (git+git://github.com/docopt/docopt.rs#7515c10dcc94a7263d5e062c434b1465167673dd)",
 "seq 0.0.0 (git+https://github.com/japaric/seq.rs.git#a1ec03a2a4796d6ebde65ef478a34e429be0b3ff)",
]

[[package]]
name = "docopt"
version = "0.6.4"
source = "git+git://github.com/docopt/docopt.rs#7515c10dcc94a7263d5e062c434b1465167673dd"

[[package]]
name = "docopt_macros"
version = "0.6.4"
source = "git+git://github.com/docopt/docopt.rs#7515c10dcc94a7263d5e062c434b1465167673dd"
dependencies = [
 "docopt 0.6.4 (git+git://github.com/docopt/docopt.rs#7515c10dcc94a7263d5e062c434b1465167673dd)",
]

[[package]]
name = "seq"
version = "0.0.0"
source = "git+https://github.com/japaric/seq.rs.git#a1ec03a2a4796d6ebde65ef478a34e429be0b3ff"
dependencies = [
 "seq_macros 0.0.0 (git+https://github.com/japaric/seq.rs.git#a1ec03a2a4796d6ebde65ef478a34e429be0b3ff)",
]

[[package]]
name = "seq_macros"
version = "0.0.0"
source = "git+https://github.com/japaric/seq.rs.git#a1ec03a2a4796d6ebde65ef478a34e429be0b3ff"

